
Microsoft Visual Studio Solution File, Format Version 12.00
# Visual Studio 15
VisualStudioVersion = 15.0.27428.2037
MinimumVisualStudioVersion = 10.0.40219.1
Project("{FAE04EC0-301F-11D3-BF4B-00C04F79EFBC}") = "Server", "Server\Server.csproj", "{EAF181FF-F2F5-4442-827A-49604371C90A}"
EndProject
Project("{FAE04EC0-301F-11D3-BF4B-00C04F79EFBC}") = "ServerTests", "ServerTests\ServerTests.csproj", "{88F0672E-199F-4052-9520-96B4D613849A}"
EndProject
Project("{FAE04EC0-301F-11D3-BF4B-00C04F79EFBC}") = "Client", "Client\Client.csproj", "{17F806FB-9D04-4823-BF8D-9DC86EF2688E}"
EndProject
Project("{FAE04EC0-301F-11D3-BF4B-00C04F79EFBC}") = "MicroSoftServer", "MicroSoftServer\MicroSoftServer.csproj", "{34F388B0-C17A-4ADE-8159-A0AF35A407D7}"
EndProject
Project("{FAE04EC0-301F-11D3-BF4B-00C04F79EFBC}") = "IocpServer", "IocpServer\IocpServer.csproj", "{A57F6A7B-A2D8-4EBB-BF15-A3A52E349345}"
EndProject
Global
	GlobalSection(SolutionConfigurationPlatforms) = preSolution
		Debug|Any CPU = Debug|Any CPU
		Release|Any CPU = Release|Any CPU
	EndGlobalSection
	GlobalSection(ProjectConfigurationPlatforms) = postSolution
		{EAF181FF-F2F5-4442-827A-49604371C90A}.Debug|Any CPU.ActiveCfg = Debug|Any CPU
		{EAF181FF-F2F5-4442-827A-49604371C90A}.Debug|Any CPU.Build.0 = Debug|Any CPU
		{EAF181FF-F2F5-4442-827A-49604371C90A}.Release|Any CPU.ActiveCfg = Release|Any CPU
		{EAF181FF-F2F5-4442-827A-49604371C90A}.Release|Any CPU.Build.0 = Release|Any CPU
		{88F0672E-199F-4052-9520-96B4D613849A}.Debug|Any CPU.ActiveCfg = Debug|Any CPU
		{88F0672E-199F-4052-9520-96B4D613849A}.Debug|Any CPU.Build.0 = Debug|Any CPU
		{88F0672E-199F-4052-9520-96B4D613849A}.Release|Any CPU.ActiveCfg = Release|Any CPU
		{88F0672E-199F-4052-9520-96B4D613849A}.Release|Any CPU.Build.0 = Release|Any CPU
		{17F806FB-9D04-4823-BF8D-9DC86EF2688E}.Debug|Any CPU.ActiveCfg = Debug|Any CPU
		{17F806FB-9D04-4823-BF8D-9DC86EF2688E}.Debug|Any CPU.Build.0 = Debug|Any CPU
		{17F806FB-9D04-4823-BF8D-9DC86EF2688E}.Release|Any CPU.ActiveCfg = Release|Any CPU
		{17F806FB-9D04-4823-BF8D-9DC86EF2688E}.Release|Any CPU.Build.0 = Release|Any CPU
		{34F388B0-C17A-4ADE-8159-A0AF35A407D7}.Debug|Any CPU.ActiveCfg = Debug|Any CPU
		{34F388B0-C17A-4ADE-8159-A0AF35A407D7}.Debug|Any CPU.Build.0 = Debug|Any CPU
		{34F388B0-C17A-4ADE-8159-A0AF35A407D7}.Release|Any CPU.ActiveCfg = Release|Any CPU
		{34F388B0-C17A-4ADE-8159-A0AF35A407D7}.Release|Any CPU.Build.0 = Release|Any CPU
		{A57F6A7B-A2D8-4EBB-BF15-A3A52E349345}.Debug|Any CPU.ActiveCfg = Debug|Any CPU
		{A57F6A7B-A2D8-4EBB-BF15-A3A52E349345}.Debug|Any CPU.Build.0 = Debug|Any CPU
		{A57F6A7B-A2D8-4EBB-BF15-A3A52E349345}.Release|Any CPU.ActiveCfg = Release|Any CPU
		{A57F6A7B-A2D8-4EBB-BF15-A3A52E349345}.Release|Any CPU.Build.0 = Release|Any CPU
	EndGlobalSection
	GlobalSection(SolutionProperties) = preSolution
		HideSolutionNode = FALSE
	EndGlobalSection
	GlobalSection(ExtensibilityGlobals) = postSolution
		SolutionGuid = {A3A0D182-0884-424D-B4A1-2B0E027CEC10}
	EndGlobalSection
EndGlobal
